
Microsoft Visual Studio Solution File, Format Version 12.00
# Visual Studio Version 16
VisualStudioVersion = 16.0.32106.194
MinimumVisualStudioVersion = 10.0.40219.1
Project("{9A19103F-16F7-4668-BE54-9A1E7A4F7556}") = "HumanResources", "HumanResources\HumanResources.csproj", "{3B6C2E40-089E-4BFB-AB35-34F54D7AC965}"
EndProject
Global
	GlobalSection(SolutionConfigurationPlatforms) = preSolution
		Debug|Any CPU = Debug|Any CPU
		Release|Any CPU = Release|Any CPU
	EndGlobalSection
	GlobalSection(ProjectConfigurationPlatforms) = postSolution
		{3B6C2E40-089E-4BFB-AB35-34F54D7AC965}.Debug|Any CPU.ActiveCfg = Debug|Any CPU
		{3B6C2E40-089E-4BFB-AB35-34F54D7AC965}.Debug|Any CPU.Build.0 = Debug|Any CPU
		{3B6C2E40-089E-4BFB-AB35-34F54D7AC965}.Release|Any CPU.ActiveCfg = Release|Any CPU
		{3B6C2E40-089E-4BFB-AB35-34F54D7AC965}.Release|Any CPU.Build.0 = Release|Any CPU
	EndGlobalSection
	GlobalSection(SolutionProperties) = preSolution
		HideSolutionNode = FALSE
	EndGlobalSection
	GlobalSection(ExtensibilityGlobals) = postSolution
		SolutionGuid = {4169AE56-901E-479C-A3FF-374FFD19E599}
	EndGlobalSection
	GlobalSection(TeamFoundationVersionControl) = preSolution
		SccNumberOfProjects = 2
		SccEnterpriseProvider = {4CA58AB2-18FA-4F8D-95D4-32DDF27D184C}
		SccTeamFoundationServer = https://dev.azure.com/busraarmagan52
		SccLocalPath0 = .
		SccProjectUniqueName1 = HumanResources\\HumanResources.csproj
		SccProjectName1 = HumanResources
		SccLocalPath1 = HumanResources
	EndGlobalSection
EndGlobal
